# This file was autogenerated by uv via the following command:
#    uv pip compile pyproject.toml -o uv.lock
# For reproducible builds, commit this file to version control

# To install dependencies using uv:
#   uv pip install -r uv.lock
#
# To sync environment with lock file:
#   uv pip sync uv.lock
#
# To update lock file after changing pyproject.toml:
#   uv pip compile pyproject.toml -o uv.lock
